
Microsoft Visual Studio Solution File, Format Version 11.00
# Visual Studio 2010
Project("{FAE04EC0-301F-11D3-BF4B-00C04F79EFBC}") = "AstarPathfindingProject", "AstarPathfindingProject.csproj", "{BAD32D7C-2176-DECF-E587-24270AB05956}"
EndProject
Project("{FAE04EC0-301F-11D3-BF4B-00C04F79EFBC}") = "Assembly-CSharp", "Assembly-CSharp.csproj", "{77EF5B5A-F084-7F9F-0018-D5D3AC8F3079}"
EndProject
Project("{FAE04EC0-301F-11D3-BF4B-00C04F79EFBC}") = "AstarPathfindingProjectEditor", "AstarPathfindingProjectEditor.csproj", "{1B80BDFD-0EC2-C6C7-4BC4-ED6397CD9A49}"
EndProject
Project("{FAE04EC0-301F-11D3-BF4B-00C04F79EFBC}") = "PackageToolsEditor", "PackageToolsEditor.csproj", "{F2A970FE-BF3E-344E-9962-A3B7213424AA}"
EndProject
Global
	GlobalSection(SolutionConfigurationPlatforms) = preSolution
		Debug|Any CPU = Debug|Any CPU
		Release|Any CPU = Release|Any CPU
	EndGlobalSection
	GlobalSection(ProjectConfigurationPlatforms) = postSolution
		{BAD32D7C-2176-DECF-E587-24270AB05956}.Debug|Any CPU.ActiveCfg = Debug|Any CPU
		{BAD32D7C-2176-DECF-E587-24270AB05956}.Debug|Any CPU.Build.0 = Debug|Any CPU
		{BAD32D7C-2176-DECF-E587-24270AB05956}.Release|Any CPU.ActiveCfg = Release|Any CPU
		{BAD32D7C-2176-DECF-E587-24270AB05956}.Release|Any CPU.Build.0 = Release|Any CPU
		{77EF5B5A-F084-7F9F-0018-D5D3AC8F3079}.Debug|Any CPU.ActiveCfg = Debug|Any CPU
		{77EF5B5A-F084-7F9F-0018-D5D3AC8F3079}.Debug|Any CPU.Build.0 = Debug|Any CPU
		{77EF5B5A-F084-7F9F-0018-D5D3AC8F3079}.Release|Any CPU.ActiveCfg = Release|Any CPU
		{77EF5B5A-F084-7F9F-0018-D5D3AC8F3079}.Release|Any CPU.Build.0 = Release|Any CPU
		{1B80BDFD-0EC2-C6C7-4BC4-ED6397CD9A49}.Debug|Any CPU.ActiveCfg = Debug|Any CPU
		{1B80BDFD-0EC2-C6C7-4BC4-ED6397CD9A49}.Debug|Any CPU.Build.0 = Debug|Any CPU
		{1B80BDFD-0EC2-C6C7-4BC4-ED6397CD9A49}.Release|Any CPU.ActiveCfg = Release|Any CPU
		{1B80BDFD-0EC2-C6C7-4BC4-ED6397CD9A49}.Release|Any CPU.Build.0 = Release|Any CPU
		{F2A970FE-BF3E-344E-9962-A3B7213424AA}.Debug|Any CPU.ActiveCfg = Debug|Any CPU
		{F2A970FE-BF3E-344E-9962-A3B7213424AA}.Debug|Any CPU.Build.0 = Debug|Any CPU
		{F2A970FE-BF3E-344E-9962-A3B7213424AA}.Release|Any CPU.ActiveCfg = Release|Any CPU
		{F2A970FE-BF3E-344E-9962-A3B7213424AA}.Release|Any CPU.Build.0 = Release|Any CPU
	EndGlobalSection
	GlobalSection(SolutionProperties) = preSolution
		HideSolutionNode = FALSE
	EndGlobalSection
EndGlobal
